PODS:
  - FlutterMacOS (1.0.0)
  - FMDB (2.7.5):
    - FMDB/standard (= 2.7.5)
  - FMDB/standard (2.7.5)
  - native_pdf_renderer (1.1.0):
    - FlutterMacOS
  - path_provider_macos (0.0.1):
    - FlutterMacOS
  - pdf_render (0.0.1):
    - FlutterMacOS
  - shared_preferences_macos (0.0.1):
    - FlutterMacOS
  - sqflite (0.0.2):
    - FlutterMacOS
    - FMDB (>= 2.7.5)
  - url_launcher_macos (0.0.1):
    - FlutterMacOS
  - wakelock_macos (0.0.1):
    - FlutterMacOS

DEPENDENCIES:
  - FlutterMacOS (from `Flutter/ephemeral`)
  - native_pdf_renderer (from `Flutter/ephemeral/.symlinks/plugins/native_pdf_renderer/macos`)
  - path_provider_macos (from `Flutter/ephemeral/.symlinks/plugins/path_provider_macos/macos`)
  - pdf_render (from `Flutter/ephemeral/.symlinks/plugins/pdf_render/macos`)
  - shared_preferences_macos (from `Flutter/ephemeral/.symlinks/plugins/shared_preferences_macos/macos`)
  - sqflite (from `Flutter/ephemeral/.symlinks/plugins/sqflite/macos`)
  - url_launcher_macos (from `Flutter/ephemeral/.symlinks/plugins/url_launcher_macos/macos`)
  - wakelock_macos (from `Flutter/ephemeral/.symlinks/plugins/wakelock_macos/macos`)

SPEC REPOS:
  trunk:
    - FMDB

EXTERNAL SOURCES:
  FlutterMacOS:
    :path: Flutter/ephemeral
  native_pdf_renderer:
    :path: Flutter/ephemeral/.symlinks/plugins/native_pdf_renderer/macos
  path_provider_macos:
    :path: Flutter/ephemeral/.symlinks/plugins/path_provider_macos/macos
  pdf_render:
    :path: Flutter/ephemeral/.symlinks/plugins/pdf_render/macos
  shared_preferences_macos:
    :path: Flutter/ephemeral/.symlinks/plugins/shared_preferences_macos/macos
  sqflite:
    :path: Flutter/ephemeral/.symlinks/plugins/sqflite/macos
  url_launcher_macos:
    :path: Flutter/ephemeral/.symlinks/plugins/url_launcher_macos/macos
  wakelock_macos:
    :path: Flutter/ephemeral/.symlinks/plugins/wakelock_macos/macos

SPEC CHECKSUMS:
  FlutterMacOS: 57701585bf7de1b3fc2bb61f6378d73bbdea8424
  FMDB: 2ce00b547f966261cd18927a3ddb07cb6f3db82a
  native_pdf_renderer: c6423a3d7c31b60f5b647fb0f901b25e7b6854a6
  path_provider_macos: a0a3fd666cb7cd0448e936fb4abad4052961002b
  pdf_render: c2c4dfbd5cdb621c4f734018e52ab4546f08f3a1
  shared_preferences_macos: 480ce071d0666e37cef23fe6c702293a3d21799e
  sqflite: a5789cceda41d54d23f31d6de539d65bb14100ea
  url_launcher_macos: 45af3d61de06997666568a7149c1be98b41c95d4
  wakelock_macos: be77ee763536aa7f0b38d7d892aa2e02bd7fcd5f

PODFILE CHECKSUM: 6eac6b3292e5142cfc23bdeb71848a40ec51c14c

COCOAPODS: 1.10.1
